<Solution>
  <Folder Name="/src/" />
  <Folder Name="/src/API/">
    <Project Path="src/API/SkillsetsBackend.API.csproj" />
  </Folder>
  <Folder Name="/src/Application/">
    <Project Path="src/Application/SkillsetsBackend.Application.csproj" />
  </Folder>
  <Folder Name="/src/Domain/">
    <Project Path="src/Domain/SkillsetsBackend.Domain.csproj" />
  </Folder>
  <Folder Name="/src/Infrastructure/">
    <Project Path="src/Infrastructure/SkillsetsBackend.Infrastructure.csproj" />
  </Folder>
  <Folder Name="/src/Shared/">
    <Project Path="src/Shared/SkillsetsBackend.Shared.csproj" />
  </Folder>
  <Folder Name="/tests/" />
  <Folder Name="/tests/IntegrationTests/">
    <Project Path="tests/IntegrationTests/SkillsetsBackend.IntegrationTests.csproj" />
  </Folder>
  <Folder Name="/tests/UnitTests/">
    <Project Path="tests/UnitTests/SkillsetsBackend.UnitTests.csproj" />
  </Folder>
</Solution>
